
Microsoft Visual Studio Solution File, Format Version 12.00
# Visual Studio Version 16
VisualStudioVersion = 16.0.30621.155
MinimumVisualStudioVersion = 10.0.40219.1
Project("{FAE04EC0-301F-11D3-BF4B-00C04F79EFBC}") = "UsersTask", "UsersTask\UsersTask.csproj", "{184B56E8-9D73-4D0D-B5CA-3E97601E3002}"
EndProject
Global
	GlobalSection(SolutionConfigurationPlatforms) = preSolution
		Debug|Any CPU = Debug|Any CPU
		Release|Any CPU = Release|Any CPU
	EndGlobalSection
	GlobalSection(ProjectConfigurationPlatforms) = postSolution
		{184B56E8-9D73-4D0D-B5CA-3E97601E3002}.Debug|Any CPU.ActiveCfg = Debug|Any CPU
		{184B56E8-9D73-4D0D-B5CA-3E97601E3002}.Debug|Any CPU.Build.0 = Debug|Any CPU
		{184B56E8-9D73-4D0D-B5CA-3E97601E3002}.Release|Any CPU.ActiveCfg = Release|Any CPU
		{184B56E8-9D73-4D0D-B5CA-3E97601E3002}.Release|Any CPU.Build.0 = Release|Any CPU
	EndGlobalSection
	GlobalSection(SolutionProperties) = preSolution
		HideSolutionNode = FALSE
	EndGlobalSection
	GlobalSection(ExtensibilityGlobals) = postSolution
		SolutionGuid = {17484D3D-0809-4FB1-ADC4-5F59FF2FEDB8}
	EndGlobalSection
EndGlobal
